
Microsoft Visual Studio Solution File, Format Version 12.00
# Visual Studio Version 17
VisualStudioVersion = 17.2.32616.157
MinimumVisualStudioVersion = 10.0.40219.1
Project("{FAE04EC0-301F-11D3-BF4B-00C04F79EFBC}") = "FavoriteThingsExercise", "FavoriteThingsExercise\FavoriteThingsExercise.csproj", "{3C346936-9A84-4C4B-8869-982C1357204E}"
EndProject
Global
	GlobalSection(SolutionConfigurationPlatforms) = preSolution
		Debug|Any CPU = Debug|Any CPU
		Release|Any CPU = Release|Any CPU
	EndGlobalSection
	GlobalSection(ProjectConfigurationPlatforms) = postSolution
		{3C346936-9A84-4C4B-8869-982C1357204E}.Debug|Any CPU.ActiveCfg = Debug|Any CPU
		{3C346936-9A84-4C4B-8869-982C1357204E}.Debug|Any CPU.Build.0 = Debug|Any CPU
		{3C346936-9A84-4C4B-8869-982C1357204E}.Release|Any CPU.ActiveCfg = Release|Any CPU
		{3C346936-9A84-4C4B-8869-982C1357204E}.Release|Any CPU.Build.0 = Release|Any CPU
	EndGlobalSection
	GlobalSection(SolutionProperties) = preSolution
		HideSolutionNode = FALSE
	EndGlobalSection
	GlobalSection(ExtensibilityGlobals) = postSolution
		SolutionGuid = {E6ADC907-7C1B-4AAC-BB5E-A2AE27653D0E}
	EndGlobalSection
EndGlobal
